// !$*UTF8*$!
{
	archiveVersion = 1;
	classes = {
	};
	objectVersion = 55;
	objects = {

/* Begin PBXBuildFile section */
		1DBA34F50C77EBE719285D84 /* Pods_HelloWorldExampleApp.framework in Frameworks */ = {isa = PBXBuildFile; fileRef = 156D8DF34EA7C4FB584DF8DD /* Pods_HelloWorldExampleApp.framework */; };
		62AE740F281033BD008534E4 /* HelloWorldSDK.h in Headers */ = {isa = PBXBuildFile; fileRef = 62AE740E281033BD008534E4 /* HelloWorldSDK.h */; settings = {ATTRIBUTES = (Public, ); }; };
		62AE74162810390D008534E4 /* HelloWorld.swift in Sources */ = {isa = PBXBuildFile; fileRef = 62AE74152810390D008534E4 /* HelloWorld.swift */; };
		62AE741E28103A87008534E4 /* HelloWorldSDKTests.swift in Sources */ = {isa = PBXBuildFile; fileRef = 62AE741D28103A87008534E4 /* HelloWorldSDKTests.swift */; };
		62AE741F28103A87008534E4 /* HelloWorldSDK.framework in Frameworks */ = {isa = PBXBuildFile; fileRef = 62AE740B281033BD008534E4 /* HelloWorldSDK.framework */; };
		62AE742C28107382008534E4 /* AppDelegate.swift in Sources */ = {isa = PBXBuildFile; fileRef = 62AE742B28107382008534E4 /* AppDelegate.swift */; };
		62AE742E28107382008534E4 /* SceneDelegate.swift in Sources */ = {isa = PBXBuildFile; fileRef = 62AE742D28107382008534E4 /* SceneDelegate.swift */; };
		62AE743028107382008534E4 /* ViewController.swift in Sources */ = {isa = PBXBuildFile; fileRef = 62AE742F28107382008534E4 /* ViewController.swift */; };
		62AE743328107382008534E4 /* Main.storyboard in Resources */ = {isa = PBXBuildFile; fileRef = 62AE743128107382008534E4 /* Main.storyboard */; };
		62AE743528107385008534E4 /* Assets.xcassets in Resources */ = {isa = PBXBuildFile; fileRef = 62AE743428107385008534E4 /* Assets.xcassets */; };
		62AE743828107385008534E4 /* LaunchScreen.storyboard in Resources */ = {isa = PBXBuildFile; fileRef = 62AE743628107385008534E4 /* LaunchScreen.storyboard */; };
		62AE744228108CFD008534E4 /* Media.xcassets in Resources */ = {isa = PBXBuildFile; fileRef = 62AE744128108CFD008534E4 /* Media.xcassets */; };
/* End PBXBuildFile section */

/* Begin PBXContainerItemProxy section */
		62AE742028103A87008534E4 /* PBXContainerItemProxy */ = {
			isa = PBXContainerItemProxy;
			containerPortal = 62AE7402281033BD008534E4 /* Project object */;
			proxyType = 1;
			remoteGlobalIDString = 62AE740A281033BD008534E4;
			remoteInfo = HelloWorldSDK;
		};
		62AE743F28108B20008534E4 /* PBXContainerItemProxy */ = {
			isa = PBXContainerItemProxy;
			containerPortal = 62AE7402281033BD008534E4 /* Project object */;
			proxyType = 1;
			remoteGlobalIDString = 62AE740A281033BD008534E4;
			remoteInfo = HelloWorldSDK;
		};
/* End PBXContainerItemProxy section */

/* Begin PBXFileReference section */
		156D8DF34EA7C4FB584DF8DD /* Pods_HelloWorldExampleApp.framework */ = {isa = PBXFileReference; explicitFileType = wrapper.framework; includeInIndex = 0; path = Pods_HelloWorldExampleApp.framework; sourceTree = BUILT_PRODUCTS_DIR; };
		62AE740B281033BD008534E4 /* HelloWorldSDK.framework */ = {isa = PBXFileReference; explicitFileType = wrapper.framework; includeInIndex = 0; path = HelloWorldSDK.framework; sourceTree = BUILT_PRODUCTS_DIR; };
		62AE740E281033BD008534E4 /* HelloWorldSDK.h */ = {isa = PBXFileReference; lastKnownFileType = sourcecode.c.h; path = HelloWorldSDK.h; sourceTree = "<group>"; };
		62AE74152810390D008534E4 /* HelloWorld.swift */ = {isa = PBXFileReference; lastKnownFileType = sourcecode.swift; path = HelloWorld.swift; sourceTree = "<group>"; };
		62AE741B28103A87008534E4 /* HelloWorldSDKTests.xctest */ = {isa = PBXFileReference; explicitFileType = wrapper.cfbundle; includeInIndex = 0; path = HelloWorldSDKTests.xctest; sourceTree = BUILT_PRODUCTS_DIR; };
		62AE741D28103A87008534E4 /* HelloWorldSDKTests.swift */ = {isa = PBXFileReference; lastKnownFileType = sourcecode.swift; path = HelloWorldSDKTests.swift; sourceTree = "<group>"; };
		62AE742928107382008534E4 /* HelloWorldExampleApp.app */ = {isa = PBXFileReference; explicitFileType = wrapper.application; includeInIndex = 0; path = HelloWorldExampleApp.app; sourceTree = BUILT_PRODUCTS_DIR; };
		62AE742B28107382008534E4 /* AppDelegate.swift */ = {isa = PBXFileReference; lastKnownFileType = sourcecode.swift; path = AppDelegate.swift; sourceTree = "<group>"; };
		62AE742D28107382008534E4 /* SceneDelegate.swift */ = {isa = PBXFileReference; lastKnownFileType = sourcecode.swift; path = SceneDelegate.swift; sourceTree = "<group>"; };
		62AE742F28107382008534E4 /* ViewController.swift */ = {isa = PBXFileReference; lastKnownFileType = sourcecode.swift; path = ViewController.swift; sourceTree = "<group>"; };
		62AE743228107382008534E4 /* Base */ = {isa = PBXFileReference; lastKnownFileType = file.storyboard; name = Base; path = Base.lproj/Main.storyboard; sourceTree = "<group>"; };
		62AE743428107385008534E4 /* Assets.xcassets */ = {isa = PBXFileReference; lastKnownFileType = folder.assetcatalog; path = Assets.xcassets; sourceTree = "<group>"; };
		62AE743728107385008534E4 /* Base */ = {isa = PBXFileReference; lastKnownFileType = file.storyboard; name = Base; path = Base.lproj/LaunchScreen.storyboard; sourceTree = "<group>"; };
		62AE743928107385008534E4 /* Info.plist */ = {isa = PBXFileReference; lastKnownFileType = text.plist.xml; path = Info.plist; sourceTree = "<group>"; };
		62AE744128108CFD008534E4 /* Media.xcassets */ = {isa = PBXFileReference; lastKnownFileType = folder.assetcatalog; path = Media.xcassets; sourceTree = "<group>"; };
		7C3EB0C7C85C21841B983AB3 /* Pods-HelloWorldExampleApp.debug.xcconfig */ = {isa = PBXFileReference; includeInIndex = 1; lastKnownFileType = text.xcconfig; name = "Pods-HelloWorldExampleApp.debug.xcconfig"; path = "Target Support Files/Pods-HelloWorldExampleApp/Pods-HelloWorldExampleApp.debug.xcconfig"; sourceTree = "<group>"; };
		B97E383CE464964278F914A8 /* Pods-HelloWorldExampleApp.release.xcconfig */ = {isa = PBXFileReference; includeInIndex = 1; lastKnownFileType = text.xcconfig; name = "Pods-HelloWorldExampleApp.release.xcconfig"; path = "Target Support Files/Pods-HelloWorldExampleApp/Pods-HelloWorldExampleApp.release.xcconfig"; sourceTree = "<group>"; };
/* End PBXFileReference section */

/* Begin PBXFrameworksBuildPhase section */
		62AE7408281033BD008534E4 /* Frameworks */ = {
			isa = PBXFrameworksBuildPhase;
			buildActionMask = 2147483647;
			files = (
			);
			runOnlyForDeploymentPostprocessing = 0;
		};
		62AE741828103A87008534E4 /* Frameworks */ = {
			isa = PBXFrameworksBuildPhase;
			buildActionMask = 2147483647;
			files = (
				62AE741F28103A87008534E4 /* HelloWorldSDK.framework in Frameworks */,
			);
			runOnlyForDeploymentPostprocessing = 0;
		};
		62AE742628107382008534E4 /* Frameworks */ = {
			isa = PBXFrameworksBuildPhase;
			buildActionMask = 2147483647;
			files = (
				1DBA34F50C77EBE719285D84 /* Pods_HelloWorldExampleApp.framework in Frameworks */,
			);
			runOnlyForDeploymentPostprocessing = 0;
		};
/* End PBXFrameworksBuildPhase section */

/* Begin PBXGroup section */
		4D4699E1916C527689CDFA97 /* Pods */ = {
			isa = PBXGroup;
			children = (
				7C3EB0C7C85C21841B983AB3 /* Pods-HelloWorldExampleApp.debug.xcconfig */,
				B97E383CE464964278F914A8 /* Pods-HelloWorldExampleApp.release.xcconfig */,
			);
			path = Pods;
			sourceTree = "<group>";
		};
		62AE7401281033BD008534E4 = {
			isa = PBXGroup;
			children = (
				62AE740D281033BD008534E4 /* HelloWorldSDK */,
				62AE741C28103A87008534E4 /* HelloWorldSDKTests */,
				62AE742A28107382008534E4 /* HelloWorldExampleApp */,
				62AE740C281033BD008534E4 /* Products */,
				4D4699E1916C527689CDFA97 /* Pods */,
				EACC98C1C9C72F469E25F861 /* Frameworks */,
			);
			sourceTree = "<group>";
		};
		62AE740C281033BD008534E4 /* Products */ = {
			isa = PBXGroup;
			children = (
				62AE740B281033BD008534E4 /* HelloWorldSDK.framework */,
				62AE741B28103A87008534E4 /* HelloWorldSDKTests.xctest */,
				62AE742928107382008534E4 /* HelloWorldExampleApp.app */,
			);
			name = Products;
			sourceTree = "<group>";
		};
		62AE740D281033BD008534E4 /* HelloWorldSDK */ = {
			isa = PBXGroup;
			children = (
				62AE744128108CFD008534E4 /* Media.xcassets */,
				62AE740E281033BD008534E4 /* HelloWorldSDK.h */,
				62AE74152810390D008534E4 /* HelloWorld.swift */,
			);
			path = HelloWorldSDK;
			sourceTree = "<group>";
		};
		62AE741C28103A87008534E4 /* HelloWorldSDKTests */ = {
			isa = PBXGroup;
			children = (
				62AE741D28103A87008534E4 /* HelloWorldSDKTests.swift */,
			);
			path = HelloWorldSDKTests;
			sourceTree = "<group>";
		};
		62AE742A28107382008534E4 /* HelloWorldExampleApp */ = {
			isa = PBXGroup;
			children = (
				62AE742B28107382008534E4 /* AppDelegate.swift */,
				62AE742D28107382008534E4 /* SceneDelegate.swift */,
				62AE742F28107382008534E4 /* ViewController.swift */,
				62AE743128107382008534E4 /* Main.storyboard */,
				62AE743428107385008534E4 /* Assets.xcassets */,
				62AE743628107385008534E4 /* LaunchScreen.storyboard */,
				62AE743928107385008534E4 /* Info.plist */,
			);
			path = HelloWorldExampleApp;
			sourceTree = "<group>";
		};
		EACC98C1C9C72F469E25F861 /* Frameworks */ = {
			isa = PBXGroup;
			children = (
				156D8DF34EA7C4FB584DF8DD /* Pods_HelloWorldExampleApp.framework */,
			);
			name = Frameworks;
			sourceTree = "<group>";
		};
/* End PBXGroup section */

/* Begin PBXHeadersBuildPhase section */
		62AE7406281033BD008534E4 /* Headers */ = {
			isa = PBXHeadersBuildPhase;
			buildActionMask = 2147483647;
			files = (
				62AE740F281033BD008534E4 /* HelloWorldSDK.h in Headers */,
			);
			runOnlyForDeploymentPostprocessing = 0;
		};
/* End PBXHeadersBuildPhase section */

/* Begin PBXNativeTarget section */
		62AE740A281033BD008534E4 /* HelloWorldSDK */ = {
			isa = PBXNativeTarget;
			buildConfigurationList = 62AE7412281033BD008534E4 /* Build configuration list for PBXNativeTarget "HelloWorldSDK" */;
			buildPhases = (
				62AE7406281033BD008534E4 /* Headers */,
				62AE7407281033BD008534E4 /* Sources */,
				62AE7408281033BD008534E4 /* Frameworks */,
				62AE7409281033BD008534E4 /* Resources */,
			);
			buildRules = (
			);
			dependencies = (
			);
			name = HelloWorldSDK;
			productName = HelloWorldSDK;
			productReference = 62AE740B281033BD008534E4 /* HelloWorldSDK.framework */;
			productType = "com.apple.product-type.framework";
		};
		62AE741A28103A87008534E4 /* HelloWorldSDKTests */ = {
			isa = PBXNativeTarget;
			buildConfigurationList = 62AE742228103A87008534E4 /* Build configuration list for PBXNativeTarget "HelloWorldSDKTests" */;
			buildPhases = (
				62AE741728103A87008534E4 /* Sources */,
				62AE741828103A87008534E4 /* Frameworks */,
				62AE741928103A87008534E4 /* Resources */,
			);
			buildRules = (
			);
			dependencies = (
				62AE742128103A87008534E4 /* PBXTargetDependency */,
			);
			name = HelloWorldSDKTests;
			productName = HelloWorldSDKTests;
			productReference = 62AE741B28103A87008534E4 /* HelloWorldSDKTests.xctest */;
			productType = "com.apple.product-type.bundle.unit-test";
		};
		62AE742828107382008534E4 /* HelloWorldExampleApp */ = {
			isa = PBXNativeTarget;
			buildConfigurationList = 62AE743A28107385008534E4 /* Build configuration list for PBXNativeTarget "HelloWorldExampleApp" */;
			buildPhases = (
				E6ED9645A8BF5457591810BA /* [CP] Check Pods Manifest.lock */,
				62AE742528107382008534E4 /* Sources */,
				62AE742628107382008534E4 /* Frameworks */,
				62AE742728107382008534E4 /* Resources */,
				6B70A64F451E69B17F00FF68 /* [CP] Embed Pods Frameworks */,
			);
			buildRules = (
			);
			dependencies = (
				62AE744028108B20008534E4 /* PBXTargetDependency */,
			);
			name = HelloWorldExampleApp;
			productName = HelloWorldExampleApp;
			productReference = 62AE742928107382008534E4 /* HelloWorldExampleApp.app */;
			productType = "com.apple.product-type.application";
		};
/* End PBXNativeTarget section */

/* Begin PBXProject section */
		62AE7402281033BD008534E4 /* Project object */ = {
			isa = PBXProject;
			attributes = {
				BuildIndependentTargetsInParallel = 1;
				LastSwiftUpdateCheck = 1330;
				LastUpgradeCheck = 1330;
				TargetAttributes = {
					62AE740A281033BD008534E4 = {
						CreatedOnToolsVersion = 13.3.1;
						LastSwiftMigration = 1330;
					};
					62AE741A28103A87008534E4 = {
						CreatedOnToolsVersion = 13.3.1;
					};
					62AE742828107382008534E4 = {
						CreatedOnToolsVersion = 13.3.1;
					};
				};
			};
			buildConfigurationList = 62AE7405281033BD008534E4 /* Build configuration list for PBXProject "HelloWorldSDK" */;
			compatibilityVersion = "Xcode 13.0";
			developmentRegion = en;
			hasScannedForEncodings = 0;
			knownRegions = (
				en,
				Base,
			);
			mainGroup = 62AE7401281033BD008534E4;
			productRefGroup = 62AE740C281033BD008534E4 /* Products */;
			projectDirPath = "";
			projectRoot = "";
			targets = (
				62AE740A281033BD008534E4 /* HelloWorldSDK */,
				62AE741A28103A87008534E4 /* HelloWorldSDKTests */,
				62AE742828107382008534E4 /* HelloWorldExampleApp */,
			);
		};
/* End PBXProject section */

/* Begin PBXResourcesBuildPhase section */
		62AE7409281033BD008534E4 /* Resources */ = {
			isa = PBXResourcesBuildPhase;
			buildActionMask = 2147483647;
			files = (
				62AE744228108CFD008534E4 /* Media.xcassets in Resources */,
			);
			runOnlyForDeploymentPostprocessing = 0;
		};
		62AE741928103A87008534E4 /* Resources */ = {
			isa = PBXResourcesBuildPhase;
			buildActionMask = 2147483647;
			files = (
			);
			runOnlyForDeploymentPostprocessing = 0;
		};
		62AE742728107382008534E4 /* Resources */ = {
			isa = PBXResourcesBuildPhase;
			buildActionMask = 2147483647;
			files = (
				62AE743828107385008534E4 /* LaunchScreen.storyboard in Resources */,
				62AE743528107385008534E4 /* Assets.xcassets in Resources */,
				62AE743328107382008534E4 /* Main.storyboard in Resources */,
			);
			runOnlyForDeploymentPostprocessing = 0;
		};
/* End PBXResourcesBuildPhase section */

/* Begin PBXShellScriptBuildPhase section */
		6B70A64F451E69B17F00FF68 /* [CP] Embed Pods Frameworks */ = {
			isa = PBXShellScriptBuildPhase;
			buildActionMask = 2147483647;
			files = (
			);
			inputFileListPaths = (
				"${PODS_ROOT}/Target Support Files/Pods-HelloWorldExampleApp/Pods-HelloWorldExampleApp-frameworks-${CONFIGURATION}-input-files.xcfilelist",
			);
			name = "[CP] Embed Pods Frameworks";
			outputFileListPaths = (
				"${PODS_ROOT}/Target Support Files/Pods-HelloWorldExampleApp/Pods-HelloWorldExampleApp-frameworks-${CONFIGURATION}-output-files.xcfilelist",
			);
			runOnlyForDeploymentPostprocessing = 0;
			shellPath = /bin/sh;
			shellScript = "\"${PODS_ROOT}/Target Support Files/Pods-HelloWorldExampleApp/Pods-HelloWorldExampleApp-frameworks.sh\"\n";
			showEnvVarsInLog = 0;
		};
		E6ED9645A8BF5457591810BA /* [CP] Check Pods Manifest.lock */ = {
			isa = PBXShellScriptBuildPhase;
			buildActionMask = 2147483647;
			files = (
			);
			inputFileListPaths = (
			);
			inputPaths = (
				"${PODS_PODFILE_DIR_PATH}/Podfile.lock",
				"${PODS_ROOT}/Manifest.lock",
			);
			name = "[CP] Check Pods Manifest.lock";
			outputFileListPaths = (
			);
			outputPaths = (
				"$(DERIVED_FILE_DIR)/Pods-HelloWorldExampleApp-checkManifestLockResult.txt",
			);
			runOnlyForDeploymentPostprocessing = 0;
			shellPath = /bin/sh;
			shellScript = "diff \"${PODS_PODFILE_DIR_PATH}/Podfile.lock\" \"${PODS_ROOT}/Manifest.lock\" > /dev/null\nif [ $? != 0 ] ; then\n    # print error to STDERR\n    echo \"error: The sandbox is not in sync with the Podfile.lock. Run 'pod install' or update your CocoaPods installation.\" >&2\n    exit 1\nfi\n# This output is used by Xcode 'outputs' to avoid re-running this script phase.\necho \"SUCCESS\" > \"${SCRIPT_OUTPUT_FILE_0}\"\n";
			showEnvVarsInLog = 0;
		};
/* End PBXShellScriptBuildPhase section */

/* Begin PBXSourcesBuildPhase section */
		62AE7407281033BD008534E4 /* Sources */ = {
			isa = PBXSourcesBuildPhase;
			buildActionMask = 2147483647;
			files = (
				62AE74162810390D008534E4 /* HelloWorld.swift in Sources */,
			);
			runOnlyForDeploymentPostprocessing = 0;
		};
		62AE741728103A87008534E4 /* Sources */ = {
			isa = PBXSourcesBuildPhase;
			buildActionMask = 2147483647;
			files = (
				62AE741E28103A87008534E4 /* HelloWorldSDKTests.swift in Sources */,
			);
			runOnlyForDeploymentPostprocessing = 0;
		};
		62AE742528107382008534E4 /* Sources */ = {
			isa = PBXSourcesBuildPhase;
			buildActionMask = 2147483647;
			files = (
				62AE743028107382008534E4 /* ViewController.swift in Sources */,
				62AE742C28107382008534E4 /* AppDelegate.swift in Sources */,
				62AE742E28107382008534E4 /* SceneDelegate.swift in Sources */,
			);
			runOnlyForDeploymentPostprocessing = 0;
		};
/* End PBXSourcesBuildPhase section */

/* Begin PBXTargetDependency section */
		62AE742128103A87008534E4 /* PBXTargetDependency */ = {
			isa = PBXTargetDependency;
			target = 62AE740A281033BD008534E4 /* HelloWorldSDK */;
			targetProxy = 62AE742028103A87008534E4 /* PBXContainerItemProxy */;
		};
		62AE744028108B20008534E4 /* PBXTargetDependency */ = {
			isa = PBXTargetDependency;
			target = 62AE740A281033BD008534E4 /* HelloWorldSDK */;
			targetProxy = 62AE743F28108B20008534E4 /* PBXContainerItemProxy */;
		};
/* End PBXTargetDependency section */

/* Begin PBXVariantGroup section */
		62AE743128107382008534E4 /* Main.storyboard */ = {
			isa = PBXVariantGroup;
			children = (
				62AE743228107382008534E4 /* Base */,
			);
			name = Main.storyboard;
			sourceTree = "<group>";
		};
		62AE743628107385008534E4 /* LaunchScreen.storyboard */ = {
			isa = PBXVariantGroup;
			children = (
				62AE743728107385008534E4 /* Base */,
			);
			name = LaunchScreen.storyboard;
			sourceTree = "<group>";
		};
/* End PBXVariantGroup section */

/* Begin XCBuildConfiguration section */
		62AE7410281033BD008534E4 /* Debug */ = {
			isa = XCBuildConfiguration;
			buildSettings = {
				ALWAYS_SEARCH_USER_PATHS = NO;
				CLANG_ANALYZER_NONNULL = YES;
				CLANG_ANALYZER_NUMBER_OBJECT_CONVERSION = YES_AGGRESSIVE;
				CLANG_CXX_LANGUAGE_STANDARD = "gnu++17";
				CLANG_ENABLE_MODULES = YES;
				CLANG_ENABLE_OBJC_ARC = YES;
				CLANG_ENABLE_OBJC_WEAK = YES;
				CLANG_WARN_BLOCK_CAPTURE_AUTORELEASING = YES;
				CLANG_WARN_BOOL_CONVERSION = YES;
				CLANG_WARN_COMMA = YES;
				CLANG_WARN_CONSTANT_CONVERSION = YES;
				CLANG_WARN_DEPRECATED_OBJC_IMPLEMENTATIONS = YES;
				CLANG_WARN_DIRECT_OBJC_ISA_USAGE = YES_ERROR;
				CLANG_WARN_DOCUMENTATION_COMMENTS = YES;
				CLANG_WARN_EMPTY_BODY = YES;
				CLANG_WARN_ENUM_CONVERSION = YES;
				CLANG_WARN_INFINITE_RECURSION = YES;
				CLANG_WARN_INT_CONVERSION = YES;
				CLANG_WARN_NON_LITERAL_NULL_CONVERSION = YES;
				CLANG_WARN_OBJC_IMPLICIT_RETAIN_SELF = YES;
				CLANG_WARN_OBJC_LITERAL_CONVERSION = YES;
				CLANG_WARN_OBJC_ROOT_CLASS = YES_ERROR;
				CLANG_WARN_QUOTED_INCLUDE_IN_FRAMEWORK_HEADER = YES;
				CLANG_WARN_RANGE_LOOP_ANALYSIS = YES;
				CLANG_WARN_STRICT_PROTOTYPES = YES;
				CLANG_WARN_SUSPICIOUS_MOVE = YES;
				CLANG_WARN_UNGUARDED_AVAILABILITY = YES_AGGRESSIVE;
				CLANG_WARN_UNREACHABLE_CODE = YES;
				CLANG_WARN__DUPLICATE_METHOD_MATCH = YES;
				COPY_PHASE_STRIP = NO;
				CURRENT_PROJECT_VERSION = 1;
				DEBUG_INFORMATION_FORMAT = dwarf;
				ENABLE_STRICT_OBJC_MSGSEND = YES;
				ENABLE_TESTABILITY = YES;
				GCC_C_LANGUAGE_STANDARD = gnu11;
				GCC_DYNAMIC_NO_PIC = NO;
				GCC_NO_COMMON_BLOCKS = YES;
				GCC_OPTIMIZATION_LEVEL = 0;
				GCC_PREPROCESSOR_DEFINITIONS = (
					"DEBUG=1",
					"$(inherited)",
				);
				GCC_WARN_64_TO_32_BIT_CONVERSION = YES;
				GCC_WARN_ABOUT_RETURN_TYPE = YES_ERROR;
				GCC_WARN_UNDECLARED_SELECTOR = YES;
				GCC_WARN_UNINITIALIZED_AUTOS = YES_AGGRESSIVE;
				GCC_WARN_UNUSED_FUNCTION = YES;
				GCC_WARN_UNUSED_VARIABLE = YES;
				IPHONEOS_DEPLOYMENT_TARGET = 15.4;
				MTL_ENABLE_DEBUG_INFO = INCLUDE_SOURCE;
				MTL_FAST_MATH = YES;
				ONLY_ACTIVE_ARCH = YES;
				SDKROOT = iphoneos;
				SWIFT_ACTIVE_COMPILATION_CONDITIONS = DEBUG;
				SWIFT_OPTIMIZATION_LEVEL = "-Onone";
				VERSIONING_SYSTEM = "apple-generic";
				VERSION_INFO_PREFIX = "";
			};
			name = Debug;
		};
		62AE7411281033BD008534E4 /* Release */ = {
			isa = XCBuildConfiguration;
			buildSettings = {
				ALWAYS_SEARCH_USER_PATHS = NO;
				CLANG_ANALYZER_NONNULL = YES;
				CLANG_ANALYZER_NUMBER_OBJECT_CONVERSION = YES_AGGRESSIVE;
				CLANG_CXX_LANGUAGE_STANDARD = "gnu++17";
				CLANG_ENABLE_MODULES = YES;
				CLANG_ENABLE_OBJC_ARC = YES;
				CLANG_ENABLE_OBJC_WEAK = YES;
				CLANG_WARN_BLOCK_CAPTURE_AUTORELEASING = YES;
				CLANG_WARN_BOOL_CONVERSION = YES;
				CLANG_WARN_COMMA = YES;
				CLANG_WARN_CONSTANT_CONVERSION = YES;
				CLANG_WARN_DEPRECATED_OBJC_IMPLEMENTATIONS = YES;
				CLANG_WARN_DIRECT_OBJC_ISA_USAGE = YES_ERROR;
				CLANG_WARN_DOCUMENTATION_COMMENTS = YES;
				CLANG_WARN_EMPTY_BODY = YES;
				CLANG_WARN_ENUM_CONVERSION = YES;
				CLANG_WARN_INFINITE_RECURSION = YES;
				CLANG_WARN_INT_CONVERSION = YES;
				CLANG_WARN_NON_LITERAL_NULL_CONVERSION = YES;
				CLANG_WARN_OBJC_IMPLICIT_RETAIN_SELF = YES;
				CLANG_WARN_OBJC_LITERAL_CONVERSION = YES;
				CLANG_WARN_OBJC_ROOT_CLASS = YES_ERROR;
				CLANG_WARN_QUOTED_INCLUDE_IN_FRAMEWORK_HEADER = YES;
				CLANG_WARN_RANGE_LOOP_ANALYSIS = YES;
				CLANG_WARN_STRICT_PROTOTYPES = YES;
				CLANG_WARN_SUSPICIOUS_MOVE = YES;
				CLANG_WARN_UNGUARDED_AVAILABILITY = YES_AGGRESSIVE;
				CLANG_WARN_UNREACHABLE_CODE = YES;
				CLANG_WARN__DUPLICATE_METHOD_MATCH = YES;
				COPY_PHASE_STRIP = NO;
				CURRENT_PROJECT_VERSION = 1;
				DEBUG_INFORMATION_FORMAT = "dwarf-with-dsym";
				ENABLE_NS_ASSERTIONS = NO;
				ENABLE_STRICT_OBJC_MSGSEND = YES;
				GCC_C_LANGUAGE_STANDARD = gnu11;
				GCC_NO_COMMON_BLOCKS = YES;
				GCC_WARN_64_TO_32_BIT_CONVERSION = YES;
				GCC_WARN_ABOUT_RETURN_TYPE = YES_ERROR;
				GCC_WARN_UNDECLARED_SELECTOR = YES;
				GCC_WARN_UNINITIALIZED_AUTOS = YES_AGGRESSIVE;
				GCC_WARN_UNUSED_FUNCTION = YES;
				GCC_WARN_UNUSED_VARIABLE = YES;
				IPHONEOS_DEPLOYMENT_TARGET = 15.4;
				MTL_ENABLE_DEBUG_INFO = NO;
				MTL_FAST_MATH = YES;
				SDKROOT = iphoneos;
				SWIFT_COMPILATION_MODE = wholemodule;
				SWIFT_OPTIMIZATION_LEVEL = "-O";
				VALIDATE_PRODUCT = YES;
				VERSIONING_SYSTEM = "apple-generic";
				VERSION_INFO_PREFIX = "";
			};
			name = Release;
		};
		62AE7413281033BD008534E4 /* Debug */ = {
			isa = XCBuildConfiguration;
			buildSettings = {
				CLANG_ENABLE_MODULES = YES;
				CODE_SIGN_STYLE = Automatic;
				CURRENT_PROJECT_VERSION = 1;
				DEFINES_MODULE = YES;
				DEVELOPMENT_TEAM = QGQ6W4JWGM;
				DYLIB_COMPATIBILITY_VERSION = 1;
				DYLIB_CURRENT_VERSION = 1;
				DYLIB_INSTALL_NAME_BASE = "@rpath";
				GENERATE_INFOPLIST_FILE = YES;
				INFOPLIST_KEY_NSHumanReadableCopyright = "";
				INSTALL_PATH = "$(LOCAL_LIBRARY_DIR)/Frameworks";
				LD_RUNPATH_SEARCH_PATHS = (
					"$(inherited)",
					"@executable_path/Frameworks",
					"@loader_path/Frameworks",
				);
				MARKETING_VERSION = 1.0;
				PRODUCT_BUNDLE_IDENTIFIER = app.a1softwares.HelloWorldSDK;
				PRODUCT_NAME = "$(TARGET_NAME:c99extidentifier)";
				SKIP_INSTALL = YES;
				SWIFT_EMIT_LOC_STRINGS = YES;
				SWIFT_OPTIMIZATION_LEVEL = "-Onone";
				SWIFT_VERSION = 5.0;
				TARGETED_DEVICE_FAMILY = "1,2";
			};
			name = Debug;
		};
		62AE7414281033BD008534E4 /* Release */ = {
			isa = XCBuildConfiguration;
			buildSettings = {
				CLANG_ENABLE_MODULES = YES;
				CODE_SIGN_STYLE = Automatic;
				CURRENT_PROJECT_VERSION = 1;
				DEFINES_MODULE = YES;
				DEVELOPMENT_TEAM = QGQ6W4JWGM;
				DYLIB_COMPATIBILITY_VERSION = 1;
				DYLIB_CURRENT_VERSION = 1;
				DYLIB_INSTALL_NAME_BASE = "@rpath";
				GENERATE_INFOPLIST_FILE = YES;
				INFOPLIST_KEY_NSHumanReadableCopyright = "";
				INSTALL_PATH = "$(LOCAL_LIBRARY_DIR)/Frameworks";
				LD_RUNPATH_SEARCH_PATHS = (
					"$(inherited)",
					"@executable_path/Frameworks",
					"@loader_path/Frameworks",
				);
				MARKETING_VERSION = 1.0;
				PRODUCT_BUNDLE_IDENTIFIER = app.a1softwares.HelloWorldSDK;
				PRODUCT_NAME = "$(TARGET_NAME:c99extidentifier)";
				SKIP_INSTALL = YES;
				SWIFT_EMIT_LOC_STRINGS = YES;
				SWIFT_VERSION = 5.0;
				TARGETED_DEVICE_FAMILY = "1,2";
			};
			name = Release;
		};
		62AE742328103A87008534E4 /* Debug */ = {
			isa = XCBuildConfiguration;
			buildSettings = {
				CODE_SIGN_STYLE = Automatic;
				CURRENT_PROJECT_VERSION = 1;
				DEVELOPMENT_TEAM = QGQ6W4JWGM;
				GENERATE_INFOPLIST_FILE = YES;
				MARKETING_VERSION = 1.0;
				PRODUCT_BUNDLE_IDENTIFIER = app.a1softwares.HelloWorldSDKTests;
				PRODUCT_NAME = "$(TARGET_NAME)";
				SWIFT_EMIT_LOC_STRINGS = NO;
				SWIFT_VERSION = 5.0;
				TARGETED_DEVICE_FAMILY = "1,2";
			};
			name = Debug;
		};
		62AE742428103A87008534E4 /* Release */ = {
			isa = XCBuildConfiguration;
			buildSettings = {
				CODE_SIGN_STYLE = Automatic;
				CURRENT_PROJECT_VERSION = 1;
				DEVELOPMENT_TEAM = QGQ6W4JWGM;
				GENERATE_INFOPLIST_FILE = YES;
				MARKETING_VERSION = 1.0;
				PRODUCT_BUNDLE_IDENTIFIER = app.a1softwares.HelloWorldSDKTests;
				PRODUCT_NAME = "$(TARGET_NAME)";
				SWIFT_EMIT_LOC_STRINGS = NO;
				SWIFT_VERSION = 5.0;
				TARGETED_DEVICE_FAMILY = "1,2";
			};
			name = Release;
		};
		62AE743B28107385008534E4 /* Debug */ = {
			isa = XCBuildConfiguration;
			baseConfigurationReference = 7C3EB0C7C85C21841B983AB3 /* Pods-HelloWorldExampleApp.debug.xcconfig */;
			buildSettings = {
				ASSETCATALOG_COMPILER_APPICON_NAME = AppIcon;
				ASSETCATALOG_COMPILER_GLOBAL_ACCENT_COLOR_NAME = AccentColor;
				CODE_SIGN_STYLE = Automatic;
				CURRENT_PROJECT_VERSION = 1;
				DEVELOPMENT_TEAM = QGQ6W4JWGM;
				GENERATE_INFOPLIST_FILE = YES;
				INFOPLIST_FILE = HelloWorldExampleApp/Info.plist;
				INFOPLIST_KEY_UIApplicationSupportsIndirectInputEvents = YES;
				INFOPLIST_KEY_UILaunchStoryboardName = LaunchScreen;
				INFOPLIST_KEY_UIMainStoryboardFile = Main;
				INFOPLIST_KEY_UISupportedInterfaceOrientations_iPad = "UIInterfaceOrientationPortrait UIInterfaceOrientationPortraitUpsideDown UIInterfaceOrientationLandscapeLeft UIInterfaceOrientationLandscapeRight";
				INFOPLIST_KEY_UISupportedInterfaceOrientations_iPhone = "UIInterfaceOrientationPortrait UIInterfaceOrientationLandscapeLeft UIInterfaceOrientationLandscapeRight";
				LD_RUNPATH_SEARCH_PATHS = (
					"$(inherited)",
					"@executable_path/Frameworks",
				);
				MARKETING_VERSION = 1.0;
				PRODUCT_BUNDLE_IDENTIFIER = app.a1softwares.HelloWorldExampleApp;
				PRODUCT_NAME = "$(TARGET_NAME)";
				SWIFT_EMIT_LOC_STRINGS = YES;
				SWIFT_VERSION = 5.0;
				TARGETED_DEVICE_FAMILY = "1,2";
			};
			name = Debug;
		};
		62AE743C28107385008534E4 /* Release */ = {
			isa = XCBuildConfiguration;
			baseConfigurationReference = B97E383CE464964278F914A8 /* Pods-HelloWorldExampleApp.release.xcconfig */;
			buildSettings = {
				ASSETCATALOG_COMPILER_APPICON_NAME = AppIcon;
				ASSETCATALOG_COMPILER_GLOBAL_ACCENT_COLOR_NAME = AccentColor;
				CODE_SIGN_STYLE = Automatic;
				CURRENT_PROJECT_VERSION = 1;
				DEVELOPMENT_TEAM = QGQ6W4JWGM;
				GENERATE_INFOPLIST_FILE = YES;
				INFOPLIST_FILE = HelloWorldExampleApp/Info.plist;
				INFOPLIST_KEY_UIApplicationSupportsIndirectInputEvents = YES;
				INFOPLIST_KEY_UILaunchStoryboardName = LaunchScreen;
				INFOPLIST_KEY_UIMainStoryboardFile = Main;
				INFOPLIST_KEY_UISupportedInterfaceOrientations_iPad = "UIInterfaceOrientationPortrait UIInterfaceOrientationPortraitUpsideDown UIInterfaceOrientationLandscapeLeft UIInterfaceOrientationLandscapeRight";
				INFOPLIST_KEY_UISupportedInterfaceOrientations_iPhone = "UIInterfaceOrientationPortrait UIInterfaceOrientationLandscapeLeft UIInterfaceOrientationLandscapeRight";
				LD_RUNPATH_SEARCH_PATHS = (
					"$(inherited)",
					"@executable_path/Frameworks",
				);
				MARKETING_VERSION = 1.0;
				PRODUCT_BUNDLE_IDENTIFIER = app.a1softwares.HelloWorldExampleApp;
				PRODUCT_NAME = "$(TARGET_NAME)";
				SWIFT_EMIT_LOC_STRINGS = YES;
				SWIFT_VERSION = 5.0;
				TARGETED_DEVICE_FAMILY = "1,2";
			};
			name = Release;
		};
/* End XCBuildConfiguration section */

/* Begin XCConfigurationList section */
		62AE7405281033BD008534E4 /* Build configuration list for PBXProject "HelloWorldSDK" */ = {
			isa = XCConfigurationList;
			buildConfigurations = (
				62AE7410281033BD008534E4 /* Debug */,
				62AE7411281033BD008534E4 /* Release */,
			);
			defaultConfigurationIsVisible = 0;
			defaultConfigurationName = Release;
		};
		62AE7412281033BD008534E4 /* Build configuration list for PBXNativeTarget "HelloWorldSDK" */ = {
			isa = XCConfigurationList;
			buildConfigurations = (
				62AE7413281033BD008534E4 /* Debug */,
				62AE7414281033BD008534E4 /* Release */,
			);
			defaultConfigurationIsVisible = 0;
			defaultConfigurationName = Release;
		};
		62AE742228103A87008534E4 /* Build configuration list for PBXNativeTarget "HelloWorldSDKTests" */ = {
			isa = XCConfigurationList;
			buildConfigurations = (
				62AE742328103A87008534E4 /* Debug */,
				62AE742428103A87008534E4 /* Release */,
			);
			defaultConfigurationIsVisible = 0;
			defaultConfigurationName = Release;
		};
		62AE743A28107385008534E4 /* Build configuration list for PBXNativeTarget "HelloWorldExampleApp" */ = {
			isa = XCConfigurationList;
			buildConfigurations = (
				62AE743B28107385008534E4 /* Debug */,
				62AE743C28107385008534E4 /* Release */,
			);
			defaultConfigurationIsVisible = 0;
			defaultConfigurationName = Release;
		};
/* End XCConfigurationList section */
	};
	rootObject = 62AE7402281033BD008534E4 /* Project object */;
}
